
Microsoft Visual Studio Solution File, Format Version 12.00
# Visual Studio Version 16
VisualStudioVersion = 16.0.31129.286
MinimumVisualStudioVersion = 10.0.40219.1
Project("{FAE04EC0-301F-11D3-BF4B-00C04F79EFBC}") = "EFCore.Addon.NamingConventions", "EFCore.Addon.NamingConventions\EFCore.Addon.NamingConventions.csproj", "{3BF27E5A-69EC-4586-A153-E2EBD709FABD}"
EndProject
Global
	GlobalSection(SolutionConfigurationPlatforms) = preSolution
		Debug|Any CPU = Debug|Any CPU
		Release|Any CPU = Release|Any CPU
	EndGlobalSection
	GlobalSection(ProjectConfigurationPlatforms) = postSolution
		{3BF27E5A-69EC-4586-A153-E2EBD709FABD}.Debug|Any CPU.ActiveCfg = Debug|Any CPU
		{3BF27E5A-69EC-4586-A153-E2EBD709FABD}.Debug|Any CPU.Build.0 = Debug|Any CPU
		{3BF27E5A-69EC-4586-A153-E2EBD709FABD}.Release|Any CPU.ActiveCfg = Release|Any CPU
		{3BF27E5A-69EC-4586-A153-E2EBD709FABD}.Release|Any CPU.Build.0 = Release|Any CPU
	EndGlobalSection
	GlobalSection(SolutionProperties) = preSolution
		HideSolutionNode = FALSE
	EndGlobalSection
	GlobalSection(ExtensibilityGlobals) = postSolution
		SolutionGuid = {46B05CD8-30C0-4094-9D2B-B28D89AB3D15}
	EndGlobalSection
EndGlobal
